
Microsoft Visual Studio Solution File, Format Version 12.00
# Visual Studio Version 17
VisualStudioVersion = 17.4.33122.133
MinimumVisualStudioVersion = 10.0.40219.1
Project("{9A19103F-16F7-4668-BE54-9A1E7A4F7556}") = "uchet", "uchet\uchet.csproj", "{EF8453EB-8A84-4047-9379-B0B83D1D2AD6}"
EndProject
Project("{2150E333-8FDC-42A3-9474-1A3956D46DE8}") = "domain", "domain", "{01765FFF-9998-4F97-9423-2C746307DAA2}"
EndProject
Project("{9A19103F-16F7-4668-BE54-9A1E7A4F7556}") = "AutoSchool.Domain", "AutoSchool.Domain\AutoSchool.Domain.csproj", "{CAC63323-F764-42A8-A24B-4EF350968909}"
EndProject
Project("{2150E333-8FDC-42A3-9474-1A3956D46DE8}") = "DAL", "DAL", "{D847C6F7-F3F7-4CD9-9A51-E3BEBE5CDC96}"
EndProject
Project("{FAE04EC0-301F-11D3-BF4B-00C04F79EFBC}") = "AutoSchool.DAL", "AutoSchool.DAL\AutoSchool.DAL.csproj", "{49878FCA-6846-4D80-AEDE-810564010C7D}"
EndProject
Global
	GlobalSection(SolutionConfigurationPlatforms) = preSolution
		Debug|Any CPU = Debug|Any CPU
		Release|Any CPU = Release|Any CPU
	EndGlobalSection
	GlobalSection(ProjectConfigurationPlatforms) = postSolution
		{EF8453EB-8A84-4047-9379-B0B83D1D2AD6}.Debug|Any CPU.ActiveCfg = Debug|Any CPU
		{EF8453EB-8A84-4047-9379-B0B83D1D2AD6}.Debug|Any CPU.Build.0 = Debug|Any CPU
		{EF8453EB-8A84-4047-9379-B0B83D1D2AD6}.Release|Any CPU.ActiveCfg = Release|Any CPU
		{EF8453EB-8A84-4047-9379-B0B83D1D2AD6}.Release|Any CPU.Build.0 = Release|Any CPU
		{CAC63323-F764-42A8-A24B-4EF350968909}.Debug|Any CPU.ActiveCfg = Debug|Any CPU
		{CAC63323-F764-42A8-A24B-4EF350968909}.Debug|Any CPU.Build.0 = Debug|Any CPU
		{CAC63323-F764-42A8-A24B-4EF350968909}.Release|Any CPU.ActiveCfg = Release|Any CPU
		{CAC63323-F764-42A8-A24B-4EF350968909}.Release|Any CPU.Build.0 = Release|Any CPU
		{49878FCA-6846-4D80-AEDE-810564010C7D}.Debug|Any CPU.ActiveCfg = Debug|Any CPU
		{49878FCA-6846-4D80-AEDE-810564010C7D}.Debug|Any CPU.Build.0 = Debug|Any CPU
		{49878FCA-6846-4D80-AEDE-810564010C7D}.Release|Any CPU.ActiveCfg = Release|Any CPU
		{49878FCA-6846-4D80-AEDE-810564010C7D}.Release|Any CPU.Build.0 = Release|Any CPU
	EndGlobalSection
	GlobalSection(SolutionProperties) = preSolution
		HideSolutionNode = FALSE
	EndGlobalSection
	GlobalSection(NestedProjects) = preSolution
		{CAC63323-F764-42A8-A24B-4EF350968909} = {01765FFF-9998-4F97-9423-2C746307DAA2}
		{49878FCA-6846-4D80-AEDE-810564010C7D} = {D847C6F7-F3F7-4CD9-9A51-E3BEBE5CDC96}
	EndGlobalSection
	GlobalSection(ExtensibilityGlobals) = postSolution
		SolutionGuid = {A428065C-7DC9-4695-86D1-7A9915CBB125}
	EndGlobalSection
EndGlobal
